
Microsoft Visual Studio Solution File, Format Version 12.00
# Visual Studio Version 17
VisualStudioVersion = 17.6.33626.354
MinimumVisualStudioVersion = 10.0.40219.1
Project("{9A19103F-16F7-4668-BE54-9A1E7A4F7556}") = "Guestline.BattleshipGame", "Guestline.BattleshipGame\Guestline.BattleshipGame.csproj", "{136A02B9-64C1-4CC3-9EBD-382083B360BB}"
EndProject
Project("{FAE04EC0-301F-11D3-BF4B-00C04F79EFBC}") = "Guestline.BattleshipGame.Domain", "Guestline.BattleshipGame.Domain\Guestline.BattleshipGame.Domain.csproj", "{375A9851-5997-4F98-8DBD-AAB5BCEF8666}"
EndProject
Global
	GlobalSection(SolutionConfigurationPlatforms) = preSolution
		Debug|Any CPU = Debug|Any CPU
		Release|Any CPU = Release|Any CPU
	EndGlobalSection
	GlobalSection(ProjectConfigurationPlatforms) = postSolution
		{136A02B9-64C1-4CC3-9EBD-382083B360BB}.Debug|Any CPU.ActiveCfg = Debug|Any CPU
		{136A02B9-64C1-4CC3-9EBD-382083B360BB}.Debug|Any CPU.Build.0 = Debug|Any CPU
		{136A02B9-64C1-4CC3-9EBD-382083B360BB}.Release|Any CPU.ActiveCfg = Release|Any CPU
		{136A02B9-64C1-4CC3-9EBD-382083B360BB}.Release|Any CPU.Build.0 = Release|Any CPU
		{375A9851-5997-4F98-8DBD-AAB5BCEF8666}.Debug|Any CPU.ActiveCfg = Debug|Any CPU
		{375A9851-5997-4F98-8DBD-AAB5BCEF8666}.Debug|Any CPU.Build.0 = Debug|Any CPU
		{375A9851-5997-4F98-8DBD-AAB5BCEF8666}.Release|Any CPU.ActiveCfg = Release|Any CPU
		{375A9851-5997-4F98-8DBD-AAB5BCEF8666}.Release|Any CPU.Build.0 = Release|Any CPU
	EndGlobalSection
	GlobalSection(SolutionProperties) = preSolution
		HideSolutionNode = FALSE
	EndGlobalSection
	GlobalSection(ExtensibilityGlobals) = postSolution
		SolutionGuid = {7FF760D1-C360-4302-B0CE-B1B6F7FAEA27}
	EndGlobalSection
EndGlobal
